
Microsoft Visual Studio Solution File, Format Version 12.00
# Visual Studio 15
VisualStudioVersion = 15.0.27130.2026
MinimumVisualStudioVersion = 10.0.40219.1
Project("{9A19103F-16F7-4668-BE54-9A1E7A4F7556}") = "Lumini.App", "Lumini.App\Lumini.App.csproj", "{5F19F25C-8AB4-40B7-936E-B545FFC0E12C}"
EndProject
Project("{9A19103F-16F7-4668-BE54-9A1E7A4F7556}") = "Lumini.Framework.Common", "Lumini.Framework.Common\Lumini.Framework.Common.csproj", "{83C46340-EF89-47A0-BEF3-60929759DEA8}"
EndProject
Project("{9A19103F-16F7-4668-BE54-9A1E7A4F7556}") = "Lumini.Framework.Dataflow", "Lumini.Framework.Dataflow\Lumini.Framework.Dataflow.csproj", "{6C431372-BD73-46A0-A0FB-46E391A8AC65}"
EndProject
Project("{9A19103F-16F7-4668-BE54-9A1E7A4F7556}") = "Lumini.Framework.Tasks", "Lumini.Framework.Tasks\Lumini.Framework.Tasks.csproj", "{12E7A682-57DC-41C1-A2FD-DF0792E9889C}"
EndProject
Project("{9A19103F-16F7-4668-BE54-9A1E7A4F7556}") = "Lumini.Framework.Tasks.Scheduled", "Lumini.Framework.Tasks.Scheduled\Lumini.Framework.Tasks.Scheduled.csproj", "{4462B49E-A73D-4B9B-8CA1-FBFD86DFCB6E}"
EndProject
Project("{2150E333-8FDC-42A3-9474-1A3956D46DE8}") = "Src", "Src", "{46A85962-18BC-4728-94D2-EF43B058385D}"
EndProject
Project("{FAE04EC0-301F-11D3-BF4B-00C04F79EFBC}") = "Lumini.Concurrent", "Lumini.Concurrent\Lumini.Concurrent.csproj", "{9FDB1EB6-2ED7-4AC4-82F7-4CFB800C17EF}"
EndProject
Project("{FAE04EC0-301F-11D3-BF4B-00C04F79EFBC}") = "Lumini.Scheduled", "Lumini.Scheduled\Lumini.Scheduled.csproj", "{53EF907D-AE88-413A-B275-CDC2D4F19928}"
EndProject
Project("{FAE04EC0-301F-11D3-BF4B-00C04F79EFBC}") = "Lumini.Concurrent.Extensions", "Lumini.Concurrent.Extensions\Lumini.Concurrent.Extensions.csproj", "{F119E766-F8F2-4995-9748-291AC523E73B}"
EndProject
Project("{2150E333-8FDC-42A3-9474-1A3956D46DE8}") = "Tests", "Tests", "{44BCAFD1-F1EA-4A8C-8098-3E51A85D38BB}"
EndProject
Project("{2150E333-8FDC-42A3-9474-1A3956D46DE8}") = ".Net Framework", ".Net Framework", "{A0210D08-476A-4C95-B6B2-2688E206892D}"
EndProject
Project("{2150E333-8FDC-42A3-9474-1A3956D46DE8}") = ".Net Core", ".Net Core", "{75A453E7-537D-4C88-A2E4-841E6B1DC002}"
EndProject
Project("{FAE04EC0-301F-11D3-BF4B-00C04F79EFBC}") = "Lumini.Common", "Lumini.Common\Lumini.Common.csproj", "{C5D0AE02-7BE8-4646-B800-B85F522E1DAE}"
EndProject
Global
	GlobalSection(SolutionConfigurationPlatforms) = preSolution
		Debug|Any CPU = Debug|Any CPU
		Release|Any CPU = Release|Any CPU
	EndGlobalSection
	GlobalSection(ProjectConfigurationPlatforms) = postSolution
		{5F19F25C-8AB4-40B7-936E-B545FFC0E12C}.Debug|Any CPU.ActiveCfg = Debug|Any CPU
		{5F19F25C-8AB4-40B7-936E-B545FFC0E12C}.Debug|Any CPU.Build.0 = Debug|Any CPU
		{5F19F25C-8AB4-40B7-936E-B545FFC0E12C}.Release|Any CPU.ActiveCfg = Release|Any CPU
		{5F19F25C-8AB4-40B7-936E-B545FFC0E12C}.Release|Any CPU.Build.0 = Release|Any CPU
		{83C46340-EF89-47A0-BEF3-60929759DEA8}.Debug|Any CPU.ActiveCfg = Debug|Any CPU
		{83C46340-EF89-47A0-BEF3-60929759DEA8}.Debug|Any CPU.Build.0 = Debug|Any CPU
		{83C46340-EF89-47A0-BEF3-60929759DEA8}.Release|Any CPU.ActiveCfg = Release|Any CPU
		{83C46340-EF89-47A0-BEF3-60929759DEA8}.Release|Any CPU.Build.0 = Release|Any CPU
		{6C431372-BD73-46A0-A0FB-46E391A8AC65}.Debug|Any CPU.ActiveCfg = Debug|Any CPU
		{6C431372-BD73-46A0-A0FB-46E391A8AC65}.Debug|Any CPU.Build.0 = Debug|Any CPU
		{6C431372-BD73-46A0-A0FB-46E391A8AC65}.Release|Any CPU.ActiveCfg = Release|Any CPU
		{6C431372-BD73-46A0-A0FB-46E391A8AC65}.Release|Any CPU.Build.0 = Release|Any CPU
		{12E7A682-57DC-41C1-A2FD-DF0792E9889C}.Debug|Any CPU.ActiveCfg = Debug|Any CPU
		{12E7A682-57DC-41C1-A2FD-DF0792E9889C}.Debug|Any CPU.Build.0 = Debug|Any CPU
		{12E7A682-57DC-41C1-A2FD-DF0792E9889C}.Release|Any CPU.ActiveCfg = Release|Any CPU
		{12E7A682-57DC-41C1-A2FD-DF0792E9889C}.Release|Any CPU.Build.0 = Release|Any CPU
		{4462B49E-A73D-4B9B-8CA1-FBFD86DFCB6E}.Debug|Any CPU.ActiveCfg = Debug|Any CPU
		{4462B49E-A73D-4B9B-8CA1-FBFD86DFCB6E}.Debug|Any CPU.Build.0 = Debug|Any CPU
		{4462B49E-A73D-4B9B-8CA1-FBFD86DFCB6E}.Release|Any CPU.ActiveCfg = Release|Any CPU
		{4462B49E-A73D-4B9B-8CA1-FBFD86DFCB6E}.Release|Any CPU.Build.0 = Release|Any CPU
		{9FDB1EB6-2ED7-4AC4-82F7-4CFB800C17EF}.Debug|Any CPU.ActiveCfg = Debug|Any CPU
		{9FDB1EB6-2ED7-4AC4-82F7-4CFB800C17EF}.Debug|Any CPU.Build.0 = Debug|Any CPU
		{9FDB1EB6-2ED7-4AC4-82F7-4CFB800C17EF}.Release|Any CPU.ActiveCfg = Release|Any CPU
		{9FDB1EB6-2ED7-4AC4-82F7-4CFB800C17EF}.Release|Any CPU.Build.0 = Release|Any CPU
		{53EF907D-AE88-413A-B275-CDC2D4F19928}.Debug|Any CPU.ActiveCfg = Debug|Any CPU
		{53EF907D-AE88-413A-B275-CDC2D4F19928}.Debug|Any CPU.Build.0 = Debug|Any CPU
		{53EF907D-AE88-413A-B275-CDC2D4F19928}.Release|Any CPU.ActiveCfg = Release|Any CPU
		{53EF907D-AE88-413A-B275-CDC2D4F19928}.Release|Any CPU.Build.0 = Release|Any CPU
		{F119E766-F8F2-4995-9748-291AC523E73B}.Debug|Any CPU.ActiveCfg = Debug|Any CPU
		{F119E766-F8F2-4995-9748-291AC523E73B}.Debug|Any CPU.Build.0 = Debug|Any CPU
		{F119E766-F8F2-4995-9748-291AC523E73B}.Release|Any CPU.ActiveCfg = Release|Any CPU
		{F119E766-F8F2-4995-9748-291AC523E73B}.Release|Any CPU.Build.0 = Release|Any CPU
		{C5D0AE02-7BE8-4646-B800-B85F522E1DAE}.Debug|Any CPU.ActiveCfg = Debug|Any CPU
		{C5D0AE02-7BE8-4646-B800-B85F522E1DAE}.Debug|Any CPU.Build.0 = Debug|Any CPU
		{C5D0AE02-7BE8-4646-B800-B85F522E1DAE}.Release|Any CPU.ActiveCfg = Release|Any CPU
		{C5D0AE02-7BE8-4646-B800-B85F522E1DAE}.Release|Any CPU.Build.0 = Release|Any CPU
	EndGlobalSection
	GlobalSection(SolutionProperties) = preSolution
		HideSolutionNode = FALSE
	EndGlobalSection
	GlobalSection(NestedProjects) = preSolution
		{5F19F25C-8AB4-40B7-936E-B545FFC0E12C} = {75A453E7-537D-4C88-A2E4-841E6B1DC002}
		{9FDB1EB6-2ED7-4AC4-82F7-4CFB800C17EF} = {46A85962-18BC-4728-94D2-EF43B058385D}
		{53EF907D-AE88-413A-B275-CDC2D4F19928} = {46A85962-18BC-4728-94D2-EF43B058385D}
		{F119E766-F8F2-4995-9748-291AC523E73B} = {46A85962-18BC-4728-94D2-EF43B058385D}
		{A0210D08-476A-4C95-B6B2-2688E206892D} = {44BCAFD1-F1EA-4A8C-8098-3E51A85D38BB}
		{75A453E7-537D-4C88-A2E4-841E6B1DC002} = {44BCAFD1-F1EA-4A8C-8098-3E51A85D38BB}
		{C5D0AE02-7BE8-4646-B800-B85F522E1DAE} = {46A85962-18BC-4728-94D2-EF43B058385D}
	EndGlobalSection
	GlobalSection(ExtensibilityGlobals) = postSolution
		SolutionGuid = {CE9A2D89-5020-4882-837D-29607B341498}
	EndGlobalSection
EndGlobal
